lockfileVersion: '6.0'

dependencies:
  '@playwright/test':
    specifier: ^1.35.0
    version: 1.35.0

devDependencies:
  typescript:
    specifier: ^4.8.2
    version: 4.8.2

packages:

  /@playwright/test@1.35.0:
    resolution: {integrity: sha512-6qXdd5edCBynOwsz1YcNfgX8tNWeuS9fxy5o59D0rvHXxRtjXRebB4gE4vFVfEMXl/z8zTnAzfOs7aQDEs8G4Q==}
    engines: {node: '>=16'}
    hasBin: true
    dependencies:
      '@types/node': 20.3.1
      playwright-core: 1.35.0
    optionalDependencies:
      fsevents: 2.3.2
    dev: false

  /@types/node@20.3.1:
    resolution: {integrity: sha512-EhcH/wvidPy1WeML3TtYFGR83UzjxeWRen9V402T8aUGYsCHOmfoisV3ZSg03gAFIbLq8TnWOJ0f4cALtnSEUg==}
    dev: false

  /fsevents@2.3.2:
    resolution: {integrity: sha512-xiqMQR4xAeHTuB9uWm+fFRcIOgKBMiOBP+eXiyT7jsgVCq1bkVygt00oASowB7EdtpOHaaPgKt812P9ab+DDKA==}
    engines: {node: ^8.16.0 || ^10.6.0 || >=11.0.0}
    os: [darwin]
    requiresBuild: true
    dev: false
    optional: true

  /playwright-core@1.35.0:
    resolution: {integrity: sha512-muMXyPmIx/2DPrCHOD1H1ePT01o7OdKxKj2ebmCAYvqhUy+Y1bpal7B0rdoxros7YrXI294JT/DWw2LqyiqTPA==}
    engines: {node: '>=16'}
    hasBin: true
    dev: false

  /typescript@4.8.2:
    resolution: {integrity: sha512-C0I1UsrrDHo2fYI5oaCGbSejwX4ch+9Y5jTQELvovfmFkK3HHSZJB8MSJcWLmCUBzQBchCrZ9rMRV6GuNrvGtw==}
    engines: {node: '>=4.2.0'}
    hasBin: true
    dev: true
